
Microsoft Visual Studio Solution File, Format Version 11.00
# Visual Studio 2010
Project("{FAE04EC0-301F-11D3-BF4B-00C04F79EFBC}") = "OasisMobile.iOS", "OasisMobile.iOS\OasisMobile.iOS.csproj", "{8445E7ED-F07F-43ED-BB45-08FA3EB13D37}"
EndProject
Project("{FAE04EC0-301F-11D3-BF4B-00C04F79EFBC}") = "OasisMobile.Core", "OasisMobile.Core\OasisMobile.Core.csproj", "{9BE146B1-33E3-459A-9A8D-F04499C5BCE6}"
EndProject
Global
	GlobalSection(SolutionConfigurationPlatforms) = preSolution
		Debug|iPhoneSimulator = Debug|iPhoneSimulator
		Release|iPhoneSimulator = Release|iPhoneSimulator
		Debug|iPhone = Debug|iPhone
		Release|iPhone = Release|iPhone
		Ad-Hoc|iPhone = Ad-Hoc|iPhone
		AppStore|iPhone = AppStore|iPhone
	EndGlobalSection
	GlobalSection(ProjectConfigurationPlatforms) = postSolution
		{8445E7ED-F07F-43ED-BB45-08FA3EB13D37}.Ad-Hoc|iPhone.ActiveCfg = Ad-Hoc|iPhone
		{8445E7ED-F07F-43ED-BB45-08FA3EB13D37}.Ad-Hoc|iPhone.Build.0 = Ad-Hoc|iPhone
		{8445E7ED-F07F-43ED-BB45-08FA3EB13D37}.AppStore|iPhone.ActiveCfg = AppStore|iPhone
		{8445E7ED-F07F-43ED-BB45-08FA3EB13D37}.AppStore|iPhone.Build.0 = AppStore|iPhone
		{8445E7ED-F07F-43ED-BB45-08FA3EB13D37}.Debug|iPhone.ActiveCfg = Debug|iPhone
		{8445E7ED-F07F-43ED-BB45-08FA3EB13D37}.Debug|iPhone.Build.0 = Debug|iPhone
		{8445E7ED-F07F-43ED-BB45-08FA3EB13D37}.Debug|iPhoneSimulator.ActiveCfg = Debug|iPhoneSimulator
		{8445E7ED-F07F-43ED-BB45-08FA3EB13D37}.Debug|iPhoneSimulator.Build.0 = Debug|iPhoneSimulator
		{8445E7ED-F07F-43ED-BB45-08FA3EB13D37}.Release|iPhone.ActiveCfg = Release|iPhone
		{8445E7ED-F07F-43ED-BB45-08FA3EB13D37}.Release|iPhone.Build.0 = Release|iPhone
		{8445E7ED-F07F-43ED-BB45-08FA3EB13D37}.Release|iPhoneSimulator.ActiveCfg = Release|iPhoneSimulator
		{8445E7ED-F07F-43ED-BB45-08FA3EB13D37}.Release|iPhoneSimulator.Build.0 = Release|iPhoneSimulator
		{9BE146B1-33E3-459A-9A8D-F04499C5BCE6}.Ad-Hoc|iPhone.ActiveCfg = Release|Any CPU
		{9BE146B1-33E3-459A-9A8D-F04499C5BCE6}.Ad-Hoc|iPhone.Build.0 = Release|Any CPU
		{9BE146B1-33E3-459A-9A8D-F04499C5BCE6}.AppStore|iPhone.ActiveCfg = Release|Any CPU
		{9BE146B1-33E3-459A-9A8D-F04499C5BCE6}.AppStore|iPhone.Build.0 = Release|Any CPU
		{9BE146B1-33E3-459A-9A8D-F04499C5BCE6}.Debug|iPhone.ActiveCfg = Debug|Any CPU
		{9BE146B1-33E3-459A-9A8D-F04499C5BCE6}.Debug|iPhone.Build.0 = Debug|Any CPU
		{9BE146B1-33E3-459A-9A8D-F04499C5BCE6}.Debug|iPhoneSimulator.ActiveCfg = Debug|Any CPU
		{9BE146B1-33E3-459A-9A8D-F04499C5BCE6}.Debug|iPhoneSimulator.Build.0 = Debug|Any CPU
		{9BE146B1-33E3-459A-9A8D-F04499C5BCE6}.Release|iPhone.ActiveCfg = Release|Any CPU
		{9BE146B1-33E3-459A-9A8D-F04499C5BCE6}.Release|iPhone.Build.0 = Release|Any CPU
		{9BE146B1-33E3-459A-9A8D-F04499C5BCE6}.Release|iPhoneSimulator.ActiveCfg = Release|Any CPU
		{9BE146B1-33E3-459A-9A8D-F04499C5BCE6}.Release|iPhoneSimulator.Build.0 = Release|Any CPU
	EndGlobalSection
	GlobalSection(MonoDevelopProperties) = preSolution
		StartupItem = OasisMobile.iOS\OasisMobile.iOS.csproj
	EndGlobalSection
EndGlobal
